{
    "name": "@jetstreamkit/jetstream",
    "version": "0.0.7",
    "lockfileVersion": 2,
    "requires": true,
    "packages": {
        "": {
            "name": "@jetstreamkit/jetstream",
            "version": "0.0.7",
            "license": "MIT",
            "dependencies": {
                "@inertiajs/inertia": "^0.9.1",
                "@jetstreamkit/v-query-inertia": "^0.1",
                "javascript-time-ago": "^2.3.6"
            },
            "peerDependencies": {
                "vue": "^3.0.0"
            }
        },
        "node_modules/@babel/helper-validator-identifier": {
            "version": "7.14.5",
            "resolved": "https://registry.npmjs.org/@babel/helper-validator-identifier/-/helper-validator-identifier-7.14.5.tgz",
            "integrity": "sha512-5lsetuxCLilmVGyiLEfoHBRX8UCFD+1m2x3Rj97WrW3V7H3u4RWRXA4evMjImCsin2J2YT0QaVDGf+z8ondbAg==",
            "peer": true,
            "engines": {
                "node": ">=6.9.0"
            }
        },
        "node_modules/@babel/parser": {
            "version": "7.14.7",
            "resolved": "https://registry.npmjs.org/@babel/parser/-/parser-7.14.7.tgz",
            "integrity": "sha512-X67Z5y+VBJuHB/RjwECp8kSl5uYi0BvRbNeWqkaJCVh+LiTPl19WBUfG627psSgp9rSf6ojuXghQM3ha6qHHdA==",
            "peer": true,
            "bin": {
                "parser": "bin/babel-parser.js"
            },
            "engines": {
                "node": ">=6.0.0"
            }
        },
        "node_modules/@babel/types": {
            "version": "7.14.5",
            "resolved": "https://registry.npmjs.org/@babel/types/-/types-7.14.5.tgz",
            "integrity": "sha512-M/NzBpEL95I5Hh4dwhin5JlE7EzO5PHMAuzjxss3tiOBD46KfQvVedN/3jEPZvdRvtsK2222XfdHogNIttFgcg==",
            "peer": true,
            "dependencies": {
                "@babel/helper-validator-identifier": "^7.14.5",
                "to-fast-properties": "^2.0.0"
            },
            "engines": {
                "node": ">=6.9.0"
            }
        },
        "node_modules/@inertiajs/inertia": {
            "version": "0.9.2",
            "resolved": "https://registry.npmjs.org/@inertiajs/inertia/-/inertia-0.9.2.tgz",
            "integrity": "sha512-itHzyc/Qq3zd9GZPkL5vbd2ir7BELHalablNptvHkiJ1rU/WGI8Fdh1zjZIVBEmqB/EjA6YGoUVl3ftYFP1uoQ==",
            "dependencies": {
                "axios": "^0.21.1",
                "deepmerge": "^4.0.0",
                "qs": "^6.9.0"
            }
        },
        "node_modules/@vue/compiler-core": {
            "version": "3.1.4",
            "resolved": "https://registry.npmjs.org/@vue/compiler-core/-/compiler-core-3.1.4.tgz",
            "integrity": "sha512-TnUz+1z0y74O/A4YKAbzsdUfamyHV73MihrEfvettWpm9bQKVoZd1nEmR1cGN9LsXWlwAvVQBetBlWdOjmQO5Q==",
            "peer": true,
            "dependencies": {
                "@babel/parser": "^7.12.0",
                "@babel/types": "^7.12.0",
                "@vue/shared": "3.1.4",
                "estree-walker": "^2.0.1",
                "source-map": "^0.6.1"
            }
        },
        "node_modules/@vue/compiler-dom": {
            "version": "3.1.4",
            "resolved": "https://registry.npmjs.org/@vue/compiler-dom/-/compiler-dom-3.1.4.tgz",
            "integrity": "sha512-3tG2ScHkghhUBuFwl9KgyZhrS8CPFZsO7hUDekJgIp5b1OMkROr4AvxHu6rRMl4WkyvYkvidFNBS2VfOnwa6Kw==",
            "peer": true,
            "dependencies": {
                "@vue/compiler-core": "3.1.4",
                "@vue/shared": "3.1.4"
            }
        },
        "node_modules/@vue/reactivity": {
            "version": "3.1.4",
            "resolved": "https://registry.npmjs.org/@vue/reactivity/-/reactivity-3.1.4.tgz",
            "integrity": "sha512-YDlgii2Cr9yAoKVZFzgY4j0mYlVT73986X3e5SPp6ifqckSEoFSUWXZK2Tb53TB/9qO29BEEbspnKD3m3wAwkA==",
            "peer": true,
            "dependencies": {
                "@vue/shared": "3.1.4"
            }
        },
        "node_modules/@vue/runtime-core": {
            "version": "3.1.4",
            "resolved": "https://registry.npmjs.org/@vue/runtime-core/-/runtime-core-3.1.4.tgz",
            "integrity": "sha512-qmVJgJuFxfT7M4qHQ4M6KqhKC66fjuswK+aBivE8dWiZ2rtIGl9gtJGpwqwjQEcKEBTOfvvrtrwBncYArJUO8Q==",
            "peer": true,
            "dependencies": {
                "@vue/reactivity": "3.1.4",
                "@vue/shared": "3.1.4"
            }
        },
        "node_modules/@vue/runtime-dom": {
            "version": "3.1.4",
            "resolved": "https://registry.npmjs.org/@vue/runtime-dom/-/runtime-dom-3.1.4.tgz",
            "integrity": "sha512-vbmwgTxku1BU87Kw7r29adv0OIrDXCW0PslOPQT0O/9R5SqcXgS94Yj6zsztDjvghegenwIAPNLlDR1Auh5s+w==",
            "peer": true,
            "dependencies": {
                "@vue/runtime-core": "3.1.4",
                "@vue/shared": "3.1.4",
                "csstype": "^2.6.8"
            }
        },
        "node_modules/@vue/shared": {
            "version": "3.1.4",
            "resolved": "https://registry.npmjs.org/@vue/shared/-/shared-3.1.4.tgz",
            "integrity": "sha512-6O45kZAmkLvzGLToBxEz4lR2W6kXohCtebV2UxjH9GXjd8X9AhEn68FN9eNanFtWNzvgw1hqd6HkPRVQalqf7Q==",
            "peer": true
        },
        "node_modules/@jetstreamkit/v-query": {
            "version": "0.1.10",
            "resolved": "https://registry.npmjs.org/@jetstreamkit/v-query/-/v-query-0.1.10.tgz",
            "integrity": "sha512-3hGoyFK2Wq6O9m3UvU4kIJRqDRjL82J6H+Ir+/VGR1lDf+XZii0OBRNV9TTAEUtB2jYysmBuLtdRpyhkxrHqcQ==",
            "peerDependencies": {
                "vue": "^3.0.0"
            }
        },
        "node_modules/@jetstreamkit/v-query-inertia": {
            "version": "0.1.10",
            "resolved": "https://registry.npmjs.org/@jetstreamkit/v-query-inertia/-/v-query-inertia-0.1.10.tgz",
            "integrity": "sha512-fzIXvPv5XjZlae4jWusuW4JfMopFuRjnW+V+qp+z9Q8UfxV2HSKUcTv+WRt4hi3hMviLa5yMp4sMYUnnC8VKwA==",
            "dependencies": {
                "@jetstreamkit/v-query": "^0.1"
            },
            "peerDependencies": {
                "vue": "^3.0.0"
            }
        },
        "node_modules/axios": {
            "version": "0.21.1",
            "resolved": "https://registry.npmjs.org/axios/-/axios-0.21.1.tgz",
            "integrity": "sha512-dKQiRHxGD9PPRIUNIWvZhPTPpl1rf/OxTYKsqKUDjBwYylTvV7SjSHJb9ratfyzM6wCdLCOYLzs73qpg5c4iGA==",
            "dependencies": {
                "follow-redirects": "^1.10.0"
            }
        },
        "node_modules/call-bind": {
            "version": "1.0.2",
            "resolved": "https://registry.npmjs.org/call-bind/-/call-bind-1.0.2.tgz",
            "integrity": "sha512-7O+FbCihrB5WGbFYesctwmTKae6rOiIzmz1icreWJ+0aA7LJfuqhEso2T9ncpcFtzMQtzXf2QGGueWJGTYsqrA==",
            "dependencies": {
                "function-bind": "^1.1.1",
                "get-intrinsic": "^1.0.2"
            },
            "funding": {
                "url": "https://github.com/sponsors/ljharb"
            }
        },
        "node_modules/csstype": {
            "version": "2.6.17",
            "resolved": "https://registry.npmjs.org/csstype/-/csstype-2.6.17.tgz",
            "integrity": "sha512-u1wmTI1jJGzCJzWndZo8mk4wnPTZd1eOIYTYvuEyOQGfmDl3TrabCCfKnOC86FZwW/9djqTl933UF/cS425i9A==",
            "peer": true
        },
        "node_modules/deepmerge": {
            "version": "4.2.2",
            "resolved": "https://registry.npmjs.org/deepmerge/-/deepmerge-4.2.2.tgz",
            "integrity": "sha512-FJ3UgI4gIl+PHZm53knsuSFpE+nESMr7M4v9QcgB7S63Kj/6WqMiFQJpBBYz1Pt+66bZpP3Q7Lye0Oo9MPKEdg==",
            "engines": {
                "node": ">=0.10.0"
            }
        },
        "node_modules/estree-walker": {
            "version": "2.0.2",
            "resolved": "https://registry.npmjs.org/estree-walker/-/estree-walker-2.0.2.tgz",
            "integrity": "sha512-Rfkk/Mp/DL7JVje3u18FxFujQlTNR2q6QfMSMB7AvCBx91NGj/ba3kCfza0f6dVDbw7YlRf/nDrn7pQrCCyQ/w==",
            "peer": true
        },
        "node_modules/follow-redirects": {
            "version": "1.14.1",
            "resolved": "https://registry.npmjs.org/follow-redirects/-/follow-redirects-1.14.1.tgz",
            "integrity": "sha512-HWqDgT7ZEkqRzBvc2s64vSZ/hfOceEol3ac/7tKwzuvEyWx3/4UegXh5oBOIotkGsObyk3xznnSRVADBgWSQVg==",
            "funding": [
                {
                    "type": "individual",
                    "url": "https://github.com/sponsors/RubenVerborgh"
                }
            ],
            "engines": {
                "node": ">=4.0"
            },
            "peerDependenciesMeta": {
                "debug": {
                    "optional": true
                }
            }
        },
        "node_modules/function-bind": {
            "version": "1.1.1",
            "resolved": "https://registry.npmjs.org/function-bind/-/function-bind-1.1.1.tgz",
            "integrity": "sha512-yIovAzMX49sF8Yl58fSCWJ5svSLuaibPxXQJFLmBObTuCr0Mf1KiPopGM9NiFjiYBCbfaa2Fh6breQ6ANVTI0A=="
        },
        "node_modules/get-intrinsic": {
            "version": "1.1.1",
            "resolved": "https://registry.npmjs.org/get-intrinsic/-/get-intrinsic-1.1.1.tgz",
            "integrity": "sha512-kWZrnVM42QCiEA2Ig1bG8zjoIMOgxWwYCEeNdwY6Tv/cOSeGpcoX4pXHfKUxNKVoArnrEr2e9srnAxxGIraS9Q==",
            "dependencies": {
                "function-bind": "^1.1.1",
                "has": "^1.0.3",
                "has-symbols": "^1.0.1"
            },
            "funding": {
                "url": "https://github.com/sponsors/ljharb"
            }
        },
        "node_modules/has": {
            "version": "1.0.3",
            "resolved": "https://registry.npmjs.org/has/-/has-1.0.3.tgz",
            "integrity": "sha512-f2dvO0VU6Oej7RkWJGrehjbzMAjFp5/VKPp5tTpWIV4JHHZK1/BxbFRtf/siA2SWTe09caDmVtYYzWEIbBS4zw==",
            "dependencies": {
                "function-bind": "^1.1.1"
            },
            "engines": {
                "node": ">= 0.4.0"
            }
        },
        "node_modules/has-symbols": {
            "version": "1.0.2",
            "resolved": "https://registry.npmjs.org/has-symbols/-/has-symbols-1.0.2.tgz",
            "integrity": "sha512-chXa79rL/UC2KlX17jo3vRGz0azaWEx5tGqZg5pO3NUyEJVB17dMruQlzCCOfUvElghKcm5194+BCRvi2Rv/Gw==",
            "engines": {
                "node": ">= 0.4"
            },
            "funding": {
                "url": "https://github.com/sponsors/ljharb"
            }
        },
        "node_modules/javascript-time-ago": {
            "version": "2.3.7",
            "resolved": "https://registry.npmjs.org/javascript-time-ago/-/javascript-time-ago-2.3.7.tgz",
            "integrity": "sha512-Vo4dbGOWkgpwVm12rwi+pwxYI5TXZJD8xU0SNaz06oovnIMIPkKdkKAOEh/GhG5FwILKJxLTYqtzqFKTDdyJMA==",
            "dependencies": {
                "relative-time-format": "^1.0.5"
            }
        },
        "node_modules/object-inspect": {
            "version": "1.10.3",
            "resolved": "https://registry.npmjs.org/object-inspect/-/object-inspect-1.10.3.tgz",
            "integrity": "sha512-e5mCJlSH7poANfC8z8S9s9S2IN5/4Zb3aZ33f5s8YqoazCFzNLloLU8r5VCG+G7WoqLvAAZoVMcy3tp/3X0Plw==",
            "funding": {
                "url": "https://github.com/sponsors/ljharb"
            }
        },
        "node_modules/qs": {
            "version": "6.10.1",
            "resolved": "https://registry.npmjs.org/qs/-/qs-6.10.1.tgz",
            "integrity": "sha512-M528Hph6wsSVOBiYUnGf+K/7w0hNshs/duGsNXPUCLH5XAqjEtiPGwNONLV0tBH8NoGb0mvD5JubnUTrujKDTg==",
            "dependencies": {
                "side-channel": "^1.0.4"
            },
            "engines": {
                "node": ">=0.6"
            },
            "funding": {
                "url": "https://github.com/sponsors/ljharb"
            }
        },
        "node_modules/relative-time-format": {
            "version": "1.0.5",
            "resolved": "https://registry.npmjs.org/relative-time-format/-/relative-time-format-1.0.5.tgz",
            "integrity": "sha512-MAgx/YKcUQYJpIaWcfetPstElnWf26JxVis4PirdwVrrymFdbxyCSm6yENpfB1YuwFbtHSHksN3aBajVNxk10Q=="
        },
        "node_modules/side-channel": {
            "version": "1.0.4",
            "resolved": "https://registry.npmjs.org/side-channel/-/side-channel-1.0.4.tgz",
            "integrity": "sha512-q5XPytqFEIKHkGdiMIrY10mvLRvnQh42/+GoBlFW3b2LXLE2xxJpZFdm94we0BaoV3RwJyGqg5wS7epxTv0Zvw==",
            "dependencies": {
                "call-bind": "^1.0.0",
                "get-intrinsic": "^1.0.2",
                "object-inspect": "^1.9.0"
            },
            "funding": {
                "url": "https://github.com/sponsors/ljharb"
            }
        },
        "node_modules/source-map": {
            "version": "0.6.1",
            "resolved": "https://registry.npmjs.org/source-map/-/source-map-0.6.1.tgz",
            "integrity": "sha512-UjgapumWlbMhkBgzT7Ykc5YXUT46F0iKu8SGXq0bcwP5dz/h0Plj6enJqjz1Zbq2l5WaqYnrVbwWOWMyF3F47g==",
            "peer": true,
            "engines": {
                "node": ">=0.10.0"
            }
        },
        "node_modules/to-fast-properties": {
            "version": "2.0.0",
            "resolved": "https://registry.npmjs.org/to-fast-properties/-/to-fast-properties-2.0.0.tgz",
            "integrity": "sha1-3F5pjL0HkmW8c+A3doGk5Og/YW4=",
            "peer": true,
            "engines": {
                "node": ">=4"
            }
        },
        "node_modules/vue": {
            "version": "3.1.4",
            "resolved": "https://registry.npmjs.org/vue/-/vue-3.1.4.tgz",
            "integrity": "sha512-p8dcdyeCgmaAiZsbLyDkmOLcFGZb/jEVdCLW65V68LRCXTNX8jKsgah2F7OZ/v/Ai2V0Fb1MNO0vz/GFqsPVMA==",
            "peer": true,
            "dependencies": {
                "@vue/compiler-dom": "3.1.4",
                "@vue/runtime-dom": "3.1.4",
                "@vue/shared": "3.1.4"
            }
        }
    },
    "dependencies": {
        "@babel/helper-validator-identifier": {
            "version": "7.14.5",
            "resolved": "https://registry.npmjs.org/@babel/helper-validator-identifier/-/helper-validator-identifier-7.14.5.tgz",
            "integrity": "sha512-5lsetuxCLilmVGyiLEfoHBRX8UCFD+1m2x3Rj97WrW3V7H3u4RWRXA4evMjImCsin2J2YT0QaVDGf+z8ondbAg==",
            "peer": true
        },
        "@babel/parser": {
            "version": "7.14.7",
            "resolved": "https://registry.npmjs.org/@babel/parser/-/parser-7.14.7.tgz",
            "integrity": "sha512-X67Z5y+VBJuHB/RjwECp8kSl5uYi0BvRbNeWqkaJCVh+LiTPl19WBUfG627psSgp9rSf6ojuXghQM3ha6qHHdA==",
            "peer": true
        },
        "@babel/types": {
            "version": "7.14.5",
            "resolved": "https://registry.npmjs.org/@babel/types/-/types-7.14.5.tgz",
            "integrity": "sha512-M/NzBpEL95I5Hh4dwhin5JlE7EzO5PHMAuzjxss3tiOBD46KfQvVedN/3jEPZvdRvtsK2222XfdHogNIttFgcg==",
            "peer": true,
            "requires": {
                "@babel/helper-validator-identifier": "^7.14.5",
                "to-fast-properties": "^2.0.0"
            }
        },
        "@inertiajs/inertia": {
            "version": "0.9.2",
            "resolved": "https://registry.npmjs.org/@inertiajs/inertia/-/inertia-0.9.2.tgz",
            "integrity": "sha512-itHzyc/Qq3zd9GZPkL5vbd2ir7BELHalablNptvHkiJ1rU/WGI8Fdh1zjZIVBEmqB/EjA6YGoUVl3ftYFP1uoQ==",
            "requires": {
                "axios": "^0.21.1",
                "deepmerge": "^4.0.0",
                "qs": "^6.9.0"
            }
        },
        "@vue/compiler-core": {
            "version": "3.1.4",
            "resolved": "https://registry.npmjs.org/@vue/compiler-core/-/compiler-core-3.1.4.tgz",
            "integrity": "sha512-TnUz+1z0y74O/A4YKAbzsdUfamyHV73MihrEfvettWpm9bQKVoZd1nEmR1cGN9LsXWlwAvVQBetBlWdOjmQO5Q==",
            "peer": true,
            "requires": {
                "@babel/parser": "^7.12.0",
                "@babel/types": "^7.12.0",
                "@vue/shared": "3.1.4",
                "estree-walker": "^2.0.1",
                "source-map": "^0.6.1"
            }
        },
        "@vue/compiler-dom": {
            "version": "3.1.4",
            "resolved": "https://registry.npmjs.org/@vue/compiler-dom/-/compiler-dom-3.1.4.tgz",
            "integrity": "sha512-3tG2ScHkghhUBuFwl9KgyZhrS8CPFZsO7hUDekJgIp5b1OMkROr4AvxHu6rRMl4WkyvYkvidFNBS2VfOnwa6Kw==",
            "peer": true,
            "requires": {
                "@vue/compiler-core": "3.1.4",
                "@vue/shared": "3.1.4"
            }
        },
        "@vue/reactivity": {
            "version": "3.1.4",
            "resolved": "https://registry.npmjs.org/@vue/reactivity/-/reactivity-3.1.4.tgz",
            "integrity": "sha512-YDlgii2Cr9yAoKVZFzgY4j0mYlVT73986X3e5SPp6ifqckSEoFSUWXZK2Tb53TB/9qO29BEEbspnKD3m3wAwkA==",
            "peer": true,
            "requires": {
                "@vue/shared": "3.1.4"
            }
        },
        "@vue/runtime-core": {
            "version": "3.1.4",
            "resolved": "https://registry.npmjs.org/@vue/runtime-core/-/runtime-core-3.1.4.tgz",
            "integrity": "sha512-qmVJgJuFxfT7M4qHQ4M6KqhKC66fjuswK+aBivE8dWiZ2rtIGl9gtJGpwqwjQEcKEBTOfvvrtrwBncYArJUO8Q==",
            "peer": true,
            "requires": {
                "@vue/reactivity": "3.1.4",
                "@vue/shared": "3.1.4"
            }
        },
        "@vue/runtime-dom": {
            "version": "3.1.4",
            "resolved": "https://registry.npmjs.org/@vue/runtime-dom/-/runtime-dom-3.1.4.tgz",
            "integrity": "sha512-vbmwgTxku1BU87Kw7r29adv0OIrDXCW0PslOPQT0O/9R5SqcXgS94Yj6zsztDjvghegenwIAPNLlDR1Auh5s+w==",
            "peer": true,
            "requires": {
                "@vue/runtime-core": "3.1.4",
                "@vue/shared": "3.1.4",
                "csstype": "^2.6.8"
            }
        },
        "@vue/shared": {
            "version": "3.1.4",
            "resolved": "https://registry.npmjs.org/@vue/shared/-/shared-3.1.4.tgz",
            "integrity": "sha512-6O45kZAmkLvzGLToBxEz4lR2W6kXohCtebV2UxjH9GXjd8X9AhEn68FN9eNanFtWNzvgw1hqd6HkPRVQalqf7Q==",
            "peer": true
        },
        "@jetstreamkit/v-query": {
            "version": "0.1.10",
            "resolved": "https://registry.npmjs.org/@jetstreamkit/v-query/-/v-query-0.1.10.tgz",
            "integrity": "sha512-3hGoyFK2Wq6O9m3UvU4kIJRqDRjL82J6H+Ir+/VGR1lDf+XZii0OBRNV9TTAEUtB2jYysmBuLtdRpyhkxrHqcQ==",
            "requires": {}
        },
        "@jetstreamkit/v-query-inertia": {
            "version": "0.1.10",
            "resolved": "https://registry.npmjs.org/@jetstreamkit/v-query-inertia/-/v-query-inertia-0.1.10.tgz",
            "integrity": "sha512-fzIXvPv5XjZlae4jWusuW4JfMopFuRjnW+V+qp+z9Q8UfxV2HSKUcTv+WRt4hi3hMviLa5yMp4sMYUnnC8VKwA==",
            "requires": {
                "@jetstreamkit/v-query": "^0.1"
            }
        },
        "axios": {
            "version": "0.21.1",
            "resolved": "https://registry.npmjs.org/axios/-/axios-0.21.1.tgz",
            "integrity": "sha512-dKQiRHxGD9PPRIUNIWvZhPTPpl1rf/OxTYKsqKUDjBwYylTvV7SjSHJb9ratfyzM6wCdLCOYLzs73qpg5c4iGA==",
            "requires": {
                "follow-redirects": "^1.10.0"
            }
        },
        "call-bind": {
            "version": "1.0.2",
            "resolved": "https://registry.npmjs.org/call-bind/-/call-bind-1.0.2.tgz",
            "integrity": "sha512-7O+FbCihrB5WGbFYesctwmTKae6rOiIzmz1icreWJ+0aA7LJfuqhEso2T9ncpcFtzMQtzXf2QGGueWJGTYsqrA==",
            "requires": {
                "function-bind": "^1.1.1",
                "get-intrinsic": "^1.0.2"
            }
        },
        "csstype": {
            "version": "2.6.17",
            "resolved": "https://registry.npmjs.org/csstype/-/csstype-2.6.17.tgz",
            "integrity": "sha512-u1wmTI1jJGzCJzWndZo8mk4wnPTZd1eOIYTYvuEyOQGfmDl3TrabCCfKnOC86FZwW/9djqTl933UF/cS425i9A==",
            "peer": true
        },
        "deepmerge": {
            "version": "4.2.2",
            "resolved": "https://registry.npmjs.org/deepmerge/-/deepmerge-4.2.2.tgz",
            "integrity": "sha512-FJ3UgI4gIl+PHZm53knsuSFpE+nESMr7M4v9QcgB7S63Kj/6WqMiFQJpBBYz1Pt+66bZpP3Q7Lye0Oo9MPKEdg=="
        },
        "estree-walker": {
            "version": "2.0.2",
            "resolved": "https://registry.npmjs.org/estree-walker/-/estree-walker-2.0.2.tgz",
            "integrity": "sha512-Rfkk/Mp/DL7JVje3u18FxFujQlTNR2q6QfMSMB7AvCBx91NGj/ba3kCfza0f6dVDbw7YlRf/nDrn7pQrCCyQ/w==",
            "peer": true
        },
        "follow-redirects": {
            "version": "1.14.1",
            "resolved": "https://registry.npmjs.org/follow-redirects/-/follow-redirects-1.14.1.tgz",
            "integrity": "sha512-HWqDgT7ZEkqRzBvc2s64vSZ/hfOceEol3ac/7tKwzuvEyWx3/4UegXh5oBOIotkGsObyk3xznnSRVADBgWSQVg=="
        },
        "function-bind": {
            "version": "1.1.1",
            "resolved": "https://registry.npmjs.org/function-bind/-/function-bind-1.1.1.tgz",
            "integrity": "sha512-yIovAzMX49sF8Yl58fSCWJ5svSLuaibPxXQJFLmBObTuCr0Mf1KiPopGM9NiFjiYBCbfaa2Fh6breQ6ANVTI0A=="
        },
        "get-intrinsic": {
            "version": "1.1.1",
            "resolved": "https://registry.npmjs.org/get-intrinsic/-/get-intrinsic-1.1.1.tgz",
            "integrity": "sha512-kWZrnVM42QCiEA2Ig1bG8zjoIMOgxWwYCEeNdwY6Tv/cOSeGpcoX4pXHfKUxNKVoArnrEr2e9srnAxxGIraS9Q==",
            "requires": {
                "function-bind": "^1.1.1",
                "has": "^1.0.3",
                "has-symbols": "^1.0.1"
            }
        },
        "has": {
            "version": "1.0.3",
            "resolved": "https://registry.npmjs.org/has/-/has-1.0.3.tgz",
            "integrity": "sha512-f2dvO0VU6Oej7RkWJGrehjbzMAjFp5/VKPp5tTpWIV4JHHZK1/BxbFRtf/siA2SWTe09caDmVtYYzWEIbBS4zw==",
            "requires": {
                "function-bind": "^1.1.1"
            }
        },
        "has-symbols": {
            "version": "1.0.2",
            "resolved": "https://registry.npmjs.org/has-symbols/-/has-symbols-1.0.2.tgz",
            "integrity": "sha512-chXa79rL/UC2KlX17jo3vRGz0azaWEx5tGqZg5pO3NUyEJVB17dMruQlzCCOfUvElghKcm5194+BCRvi2Rv/Gw=="
        },
        "javascript-time-ago": {
            "version": "2.3.7",
            "resolved": "https://registry.npmjs.org/javascript-time-ago/-/javascript-time-ago-2.3.7.tgz",
            "integrity": "sha512-Vo4dbGOWkgpwVm12rwi+pwxYI5TXZJD8xU0SNaz06oovnIMIPkKdkKAOEh/GhG5FwILKJxLTYqtzqFKTDdyJMA==",
            "requires": {
                "relative-time-format": "^1.0.5"
            }
        },
        "object-inspect": {
            "version": "1.10.3",
            "resolved": "https://registry.npmjs.org/object-inspect/-/object-inspect-1.10.3.tgz",
            "integrity": "sha512-e5mCJlSH7poANfC8z8S9s9S2IN5/4Zb3aZ33f5s8YqoazCFzNLloLU8r5VCG+G7WoqLvAAZoVMcy3tp/3X0Plw=="
        },
        "qs": {
            "version": "6.10.1",
            "resolved": "https://registry.npmjs.org/qs/-/qs-6.10.1.tgz",
            "integrity": "sha512-M528Hph6wsSVOBiYUnGf+K/7w0hNshs/duGsNXPUCLH5XAqjEtiPGwNONLV0tBH8NoGb0mvD5JubnUTrujKDTg==",
            "requires": {
                "side-channel": "^1.0.4"
            }
        },
        "relative-time-format": {
            "version": "1.0.5",
            "resolved": "https://registry.npmjs.org/relative-time-format/-/relative-time-format-1.0.5.tgz",
            "integrity": "sha512-MAgx/YKcUQYJpIaWcfetPstElnWf26JxVis4PirdwVrrymFdbxyCSm6yENpfB1YuwFbtHSHksN3aBajVNxk10Q=="
        },
        "side-channel": {
            "version": "1.0.4",
            "resolved": "https://registry.npmjs.org/side-channel/-/side-channel-1.0.4.tgz",
            "integrity": "sha512-q5XPytqFEIKHkGdiMIrY10mvLRvnQh42/+GoBlFW3b2LXLE2xxJpZFdm94we0BaoV3RwJyGqg5wS7epxTv0Zvw==",
            "requires": {
                "call-bind": "^1.0.0",
                "get-intrinsic": "^1.0.2",
                "object-inspect": "^1.9.0"
            }
        },
        "source-map": {
            "version": "0.6.1",
            "resolved": "https://registry.npmjs.org/source-map/-/source-map-0.6.1.tgz",
            "integrity": "sha512-UjgapumWlbMhkBgzT7Ykc5YXUT46F0iKu8SGXq0bcwP5dz/h0Plj6enJqjz1Zbq2l5WaqYnrVbwWOWMyF3F47g==",
            "peer": true
        },
        "to-fast-properties": {
            "version": "2.0.0",
            "resolved": "https://registry.npmjs.org/to-fast-properties/-/to-fast-properties-2.0.0.tgz",
            "integrity": "sha1-3F5pjL0HkmW8c+A3doGk5Og/YW4=",
            "peer": true
        },
        "vue": {
            "version": "3.1.4",
            "resolved": "https://registry.npmjs.org/vue/-/vue-3.1.4.tgz",
            "integrity": "sha512-p8dcdyeCgmaAiZsbLyDkmOLcFGZb/jEVdCLW65V68LRCXTNX8jKsgah2F7OZ/v/Ai2V0Fb1MNO0vz/GFqsPVMA==",
            "peer": true,
            "requires": {
                "@vue/compiler-dom": "3.1.4",
                "@vue/runtime-dom": "3.1.4",
                "@vue/shared": "3.1.4"
            }
        }
    }
}
